// !$*UTF8*$!
{
	archiveVersion = 1;
	classes = {
	};
	objectVersion = 56;
	objects = {

/* Begin PBXBuildFile section */
		A1000001 /* PDFHandlerApp.swift in Sources */ = {isa = PBXBuildFile; fileRef = B1000001; };
		A1000002 /* AppState.swift in Sources */ = {isa = PBXBuildFile; fileRef = B1000002; };
		A1000003 /* ContentView.swift in Sources */ = {isa = PBXBuildFile; fileRef = B1000003; };
		A1000004 /* ConversionOptionsView.swift in Sources */ = {isa = PBXBuildFile; fileRef = B1000004; };
		A1000005 /* CompressionOptionsView.swift in Sources */ = {isa = PBXBuildFile; fileRef = B1000005; };
		A1000006 /* BatchProcessingView.swift in Sources */ = {isa = PBXBuildFile; fileRef = B1000006; };
		A1000007 /* PreferencesView.swift in Sources */ = {isa = PBXBuildFile; fileRef = B1000007; };
		A1000008 /* MenuBarView.swift in Sources */ = {isa = PBXBuildFile; fileRef = B1000008; };
		A1000009 /* ConversionModels.swift in Sources */ = {isa = PBXBuildFile; fileRef = B1000009; };
		A100000A /* CompressionModels.swift in Sources */ = {isa = PBXBuildFile; fileRef = B100000A; };
		A100000B /* PDFService.swift in Sources */ = {isa = PBXBuildFile; fileRef = B100000B; };
		A100000C /* MarkdownConverter.swift in Sources */ = {isa = PBXBuildFile; fileRef = B100000C; };
		A100000D /* OCRService.swift in Sources */ = {isa = PBXBuildFile; fileRef = B100000D; };
		A100000E /* CompressionService.swift in Sources */ = {isa = PBXBuildFile; fileRef = B100000E; };
		A100000F /* ServiceProvider.swift in Sources */ = {isa = PBXBuildFile; fileRef = B100000F; };
		A1000010 /* DesignSystem.swift in Sources */ = {isa = PBXBuildFile; fileRef = B1000012; };
/* End PBXBuildFile section */

/* Begin PBXFileReference section */
		C1000001 /* PDFHandler.app */ = {isa = PBXFileReference; explicitFileType = wrapper.application; includeInIndex = 0; path = PDFHandler.app; sourceTree = BUILT_PRODUCTS_DIR; };
		B1000001 /* PDFHandlerApp.swift */ = {isa = PBXFileReference; lastKnownFileType = sourcecode.swift; path = PDFHandlerApp.swift; sourceTree = "<group>"; };
		B1000002 /* AppState.swift */ = {isa = PBXFileReference; lastKnownFileType = sourcecode.swift; path = AppState.swift; sourceTree = "<group>"; };
		B1000003 /* ContentView.swift */ = {isa = PBXFileReference; lastKnownFileType = sourcecode.swift; path = ContentView.swift; sourceTree = "<group>"; };
		B1000004 /* ConversionOptionsView.swift */ = {isa = PBXFileReference; lastKnownFileType = sourcecode.swift; path = ConversionOptionsView.swift; sourceTree = "<group>"; };
		B1000005 /* CompressionOptionsView.swift */ = {isa = PBXFileReference; lastKnownFileType = sourcecode.swift; path = CompressionOptionsView.swift; sourceTree = "<group>"; };
		B1000006 /* BatchProcessingView.swift */ = {isa = PBXFileReference; lastKnownFileType = sourcecode.swift; path = BatchProcessingView.swift; sourceTree = "<group>"; };
		B1000007 /* PreferencesView.swift */ = {isa = PBXFileReference; lastKnownFileType = sourcecode.swift; path = PreferencesView.swift; sourceTree = "<group>"; };
		B1000008 /* MenuBarView.swift */ = {isa = PBXFileReference; lastKnownFileType = sourcecode.swift; path = MenuBarView.swift; sourceTree = "<group>"; };
		B1000009 /* ConversionModels.swift */ = {isa = PBXFileReference; lastKnownFileType = sourcecode.swift; path = ConversionModels.swift; sourceTree = "<group>"; };
		B100000A /* CompressionModels.swift */ = {isa = PBXFileReference; lastKnownFileType = sourcecode.swift; path = CompressionModels.swift; sourceTree = "<group>"; };
		B100000B /* PDFService.swift */ = {isa = PBXFileReference; lastKnownFileType = sourcecode.swift; path = PDFService.swift; sourceTree = "<group>"; };
		B100000C /* MarkdownConverter.swift */ = {isa = PBXFileReference; lastKnownFileType = sourcecode.swift; path = MarkdownConverter.swift; sourceTree = "<group>"; };
		B100000D /* OCRService.swift */ = {isa = PBXFileReference; lastKnownFileType = sourcecode.swift; path = OCRService.swift; sourceTree = "<group>"; };
		B100000E /* CompressionService.swift */ = {isa = PBXFileReference; lastKnownFileType = sourcecode.swift; path = CompressionService.swift; sourceTree = "<group>"; };
		B100000F /* ServiceProvider.swift */ = {isa = PBXFileReference; lastKnownFileType = sourcecode.swift; path = ServiceProvider.swift; sourceTree = "<group>"; };
		B1000010 /* Info.plist */ = {isa = PBXFileReference; lastKnownFileType = text.plist.xml; path = Info.plist; sourceTree = "<group>"; };
		B1000011 /* PDFHandler.entitlements */ = {isa = PBXFileReference; lastKnownFileType = text.plist.entitlements; path = PDFHandler.entitlements; sourceTree = "<group>"; };
		B1000012 /* DesignSystem.swift */ = {isa = PBXFileReference; lastKnownFileType = sourcecode.swift; path = DesignSystem.swift; sourceTree = "<group>"; };
/* End PBXFileReference section */

/* Begin PBXFrameworksBuildPhase section */
		D1000001 /* Frameworks */ = {
			isa = PBXFrameworksBuildPhase;
			buildActionMask = 2147483647;
			files = (
			);
			runOnlyForDeploymentPostprocessing = 0;
		};
/* End PBXFrameworksBuildPhase section */

/* Begin PBXGroup section */
		E1000001 = {
			isa = PBXGroup;
			children = (
				E1000002 /* PDFHandler */,
				E1000003 /* Products */,
			);
			sourceTree = "<group>";
		};
		E1000002 /* PDFHandler */ = {
			isa = PBXGroup;
			children = (
				E1000004 /* App */,
				E1000005 /* Views */,
				E1000006 /* Models */,
				E1000007 /* Services */,
				E1000008 /* Utilities */,
				E1000009 /* Resources */,
			);
			path = PDFHandler;
			sourceTree = "<group>";
		};
		E1000003 /* Products */ = {
			isa = PBXGroup;
			children = (
				C1000001 /* PDFHandler.app */,
			);
			name = Products;
			sourceTree = "<group>";
		};
		E1000004 /* App */ = {
			isa = PBXGroup;
			children = (
				B1000001 /* PDFHandlerApp.swift */,
				B1000002 /* AppState.swift */,
			);
			path = App;
			sourceTree = "<group>";
		};
		E1000005 /* Views */ = {
			isa = PBXGroup;
			children = (
				B1000003 /* ContentView.swift */,
				B1000004 /* ConversionOptionsView.swift */,
				B1000005 /* CompressionOptionsView.swift */,
				B1000006 /* BatchProcessingView.swift */,
				B1000007 /* PreferencesView.swift */,
				B1000008 /* MenuBarView.swift */,
			);
			path = Views;
			sourceTree = "<group>";
		};
		E1000006 /* Models */ = {
			isa = PBXGroup;
			children = (
				B1000009 /* ConversionModels.swift */,
				B100000A /* CompressionModels.swift */,
			);
			path = Models;
			sourceTree = "<group>";
		};
		E1000007 /* Services */ = {
			isa = PBXGroup;
			children = (
				B100000B /* PDFService.swift */,
				B100000C /* MarkdownConverter.swift */,
				B100000D /* OCRService.swift */,
				B100000E /* CompressionService.swift */,
			);
			path = Services;
			sourceTree = "<group>";
		};
		E1000008 /* Utilities */ = {
			isa = PBXGroup;
			children = (
				B100000F /* ServiceProvider.swift */,
				B1000012 /* DesignSystem.swift */,
			);
			path = Utilities;
			sourceTree = "<group>";
		};
		E1000009 /* Resources */ = {
			isa = PBXGroup;
			children = (
				B1000010 /* Info.plist */,
				B1000011 /* PDFHandler.entitlements */,
			);
			path = Resources;
			sourceTree = "<group>";
		};
/* End PBXGroup section */

/* Begin PBXNativeTarget section */
		F1000001 /* PDFHandler */ = {
			isa = PBXNativeTarget;
			buildConfigurationList = F1000002;
			buildPhases = (
				F1000003 /* Sources */,
				D1000001 /* Frameworks */,
				F1000004 /* Resources */,
			);
			buildRules = (
			);
			dependencies = (
			);
			name = PDFHandler;
			productName = PDFHandler;
			productReference = C1000001 /* PDFHandler.app */;
			productType = "com.apple.product-type.application";
		};
/* End PBXNativeTarget section */

/* Begin PBXProject section */
		089C1669FE841209C02AAC07 /* Project object */ = {
			isa = PBXProject;
			attributes = {
				BuildIndependentTargetsInParallel = 1;
				LastSwiftUpdateCheck = 1500;
				LastUpgradeCheck = 1500;
				TargetAttributes = {
					F1000001 = {
						CreatedOnToolsVersion = 15.0;
					};
				};
			};
			buildConfigurationList = 089C167DFE841241C02AAC07;
			compatibilityVersion = "Xcode 14.0";
			developmentRegion = en;
			hasScannedForEncodings = 1;
			knownRegions = (
				en,
				Base,
			);
			mainGroup = E1000001;
			productRefGroup = E1000003 /* Products */;
			projectDirPath = "";
			projectRoot = "";
			targets = (
				F1000001 /* PDFHandler */,
			);
		};
/* End PBXProject section */

/* Begin PBXResourcesBuildPhase section */
		F1000004 /* Resources */ = {
			isa = PBXResourcesBuildPhase;
			buildActionMask = 2147483647;
			files = (
			);
			runOnlyForDeploymentPostprocessing = 0;
		};
/* End PBXResourcesBuildPhase section */

/* Begin PBXSourcesBuildPhase section */
		F1000003 /* Sources */ = {
			isa = PBXSourcesBuildPhase;
			buildActionMask = 2147483647;
			files = (
				A1000010 /* DesignSystem.swift in Sources */,
				A1000001 /* PDFHandlerApp.swift in Sources */,
				A1000002 /* AppState.swift in Sources */,
				A1000003 /* ContentView.swift in Sources */,
				A1000004 /* ConversionOptionsView.swift in Sources */,
				A1000005 /* CompressionOptionsView.swift in Sources */,
				A1000006 /* BatchProcessingView.swift in Sources */,
				A1000007 /* PreferencesView.swift in Sources */,
				A1000008 /* MenuBarView.swift in Sources */,
				A1000009 /* ConversionModels.swift in Sources */,
				A100000A /* CompressionModels.swift in Sources */,
				A100000B /* PDFService.swift in Sources */,
				A100000C /* MarkdownConverter.swift in Sources */,
				A100000D /* OCRService.swift in Sources */,
				A100000E /* CompressionService.swift in Sources */,
				A100000F /* ServiceProvider.swift in Sources */,
			);
			runOnlyForDeploymentPostprocessing = 0;
		};
/* End PBXSourcesBuildPhase section */

/* Begin XCBuildConfiguration section */
		089C167EFE841241C02AAC07 /* Debug */ = {
			isa = XCBuildConfiguration;
			buildSettings = {
				ALWAYS_SEARCH_USER_PATHS = NO;
				ASSETCATALOG_COMPILER_GENERATE_SWIFT_ASSET_SYMBOL_EXTENSIONS = YES;
				CLANG_ANALYZER_NONNULL = YES;
				CLANG_ANALYZER_NUMBER_OBJECT_CONVERSION = YES_AGGRESSIVE;
				CLANG_CXX_LANGUAGE_STANDARD = "gnu++20";
				CLANG_ENABLE_MODULES = YES;
				CLANG_ENABLE_OBJC_ARC = YES;
				CLANG_ENABLE_OBJC_WEAK = YES;
				CLANG_WARN_BLOCK_CAPTURE_AUTORELEASING = YES;
				CLANG_WARN_BOOL_CONVERSION = YES;
				CLANG_WARN_COMMA = YES;
				CLANG_WARN_CONSTANT_CONVERSION = YES;
				CLANG_WARN_DEPRECATED_OBJC_IMPLEMENTATIONS = YES;
				CLANG_WARN_DIRECT_OBJC_ISA_USAGE = YES_ERROR;
				CLANG_WARN_DOCUMENTATION_COMMENTS = YES;
				CLANG_WARN_EMPTY_BODY = YES;
				CLANG_WARN_ENUM_CONVERSION = YES;
				CLANG_WARN_INFINITE_RECURSION = YES;
				CLANG_WARN_INT_CONVERSION = YES;
				CLANG_WARN_NON_LITERAL_NULL_CONVERSION = YES;
				CLANG_WARN_OBJC_IMPLICIT_RETAIN_SELF = YES;
				CLANG_WARN_OBJC_LITERAL_CONVERSION = YES;
				CLANG_WARN_OBJC_ROOT_CLASS = YES_ERROR;
				CLANG_WARN_QUOTED_INCLUDE_IN_FRAMEWORK_HEADER = YES;
				CLANG_WARN_RANGE_LOOP_ANALYSIS = YES;
				CLANG_WARN_STRICT_PROTOTYPES = YES;
				CLANG_WARN_SUSPICIOUS_MOVE = YES;
				CLANG_WARN_UNGUARDED_AVAILABILITY = YES_AGGRESSIVE;
				CLANG_WARN_UNREACHABLE_CODE = YES;
				CLANG_WARN__DUPLICATE_METHOD_MATCH = YES;
				COPY_PHASE_STRIP = NO;
				DEBUG_INFORMATION_FORMAT = dwarf;
				ENABLE_STRICT_OBJC_MSGSEND = YES;
				ENABLE_TESTABILITY = YES;
				ENABLE_USER_SCRIPT_SANDBOXING = YES;
				GCC_C_LANGUAGE_STANDARD = gnu17;
				GCC_DYNAMIC_NO_PIC = NO;
				GCC_NO_COMMON_BLOCKS = YES;
				GCC_OPTIMIZATION_LEVEL = 0;
				GCC_PREPROCESSOR_DEFINITIONS = (
					"DEBUG=1",
					"$(inherited)",
				);
				GCC_WARN_64_TO_32_BIT_CONVERSION = YES;
				GCC_WARN_ABOUT_RETURN_TYPE = YES_ERROR;
				GCC_WARN_UNDECLARED_SELECTOR = YES;
				GCC_WARN_UNINITIALIZED_AUTOS = YES_AGGRESSIVE;
				GCC_WARN_UNUSED_FUNCTION = YES;
				GCC_WARN_UNUSED_VARIABLE = YES;
				LOCALIZATION_PREFERS_STRING_CATALOGS = YES;
				MACOSX_DEPLOYMENT_TARGET = 13.0;
				MTL_ENABLE_DEBUG_INFO = INCLUDE_SOURCE;
				MTL_FAST_MATH = YES;
				ONLY_ACTIVE_ARCH = YES;
				SDKROOT = macosx;
				SWIFT_ACTIVE_COMPILATION_CONDITIONS = "DEBUG $(inherited)";
				SWIFT_OPTIMIZATION_LEVEL = "-Onone";
			};
			name = Debug;
		};
		089C167FFE841241C02AAC07 /* Release */ = {
			isa = XCBuildConfiguration;
			buildSettings = {
				ALWAYS_SEARCH_USER_PATHS = NO;
				ASSETCATALOG_COMPILER_GENERATE_SWIFT_ASSET_SYMBOL_EXTENSIONS = YES;
				CLANG_ANALYZER_NONNULL = YES;
				CLANG_ANALYZER_NUMBER_OBJECT_CONVERSION = YES_AGGRESSIVE;
				CLANG_CXX_LANGUAGE_STANDARD = "gnu++20";
				CLANG_ENABLE_MODULES = YES;
				CLANG_ENABLE_OBJC_ARC = YES;
				CLANG_ENABLE_OBJC_WEAK = YES;
				CLANG_WARN_BLOCK_CAPTURE_AUTORELEASING = YES;
				CLANG_WARN_BOOL_CONVERSION = YES;
				CLANG_WARN_COMMA = YES;
				CLANG_WARN_CONSTANT_CONVERSION = YES;
				CLANG_WARN_DEPRECATED_OBJC_IMPLEMENTATIONS = YES;
				CLANG_WARN_DIRECT_OBJC_ISA_USAGE = YES_ERROR;
				CLANG_WARN_DOCUMENTATION_COMMENTS = YES;
				CLANG_WARN_EMPTY_BODY = YES;
				CLANG_WARN_ENUM_CONVERSION = YES;
				CLANG_WARN_INFINITE_RECURSION = YES;
				CLANG_WARN_INT_CONVERSION = YES;
				CLANG_WARN_NON_LITERAL_NULL_CONVERSION = YES;
				CLANG_WARN_OBJC_IMPLICIT_RETAIN_SELF = YES;
				CLANG_WARN_OBJC_LITERAL_CONVERSION = YES;
				CLANG_WARN_OBJC_ROOT_CLASS = YES_ERROR;
				CLANG_WARN_QUOTED_INCLUDE_IN_FRAMEWORK_HEADER = YES;
				CLANG_WARN_RANGE_LOOP_ANALYSIS = YES;
				CLANG_WARN_STRICT_PROTOTYPES = YES;
				CLANG_WARN_SUSPICIOUS_MOVE = YES;
				CLANG_WARN_UNGUARDED_AVAILABILITY = YES_AGGRESSIVE;
				CLANG_WARN_UNREACHABLE_CODE = YES;
				CLANG_WARN__DUPLICATE_METHOD_MATCH = YES;
				COPY_PHASE_STRIP = NO;
				DEBUG_INFORMATION_FORMAT = "dwarf-with-dsym";
				ENABLE_NS_ASSERTIONS = NO;
				ENABLE_STRICT_OBJC_MSGSEND = YES;
				ENABLE_USER_SCRIPT_SANDBOXING = YES;
				GCC_C_LANGUAGE_STANDARD = gnu17;
				GCC_NO_COMMON_BLOCKS = YES;
				GCC_WARN_64_TO_32_BIT_CONVERSION = YES;
				GCC_WARN_ABOUT_RETURN_TYPE = YES_ERROR;
				GCC_WARN_UNDECLARED_SELECTOR = YES;
				GCC_WARN_UNINITIALIZED_AUTOS = YES_AGGRESSIVE;
				GCC_WARN_UNUSED_FUNCTION = YES;
				GCC_WARN_UNUSED_VARIABLE = YES;
				LOCALIZATION_PREFERS_STRING_CATALOGS = YES;
				MACOSX_DEPLOYMENT_TARGET = 13.0;
				MTL_ENABLE_DEBUG_INFO = NO;
				MTL_FAST_MATH = YES;
				SDKROOT = macosx;
				SWIFT_COMPILATION_MODE = wholemodule;
			};
			name = Release;
		};
		F1000005 /* Debug */ = {
			isa = XCBuildConfiguration;
			buildSettings = {
				ASSETCATALOG_COMPILER_APPICON_NAME = AppIcon;
				ASSETCATALOG_COMPILER_GLOBAL_ACCENT_COLOR_NAME = AccentColor;
				CODE_SIGN_ENTITLEMENTS = PDFHandler/Resources/PDFHandler.entitlements;
				CODE_SIGN_STYLE = Automatic;
				COMBINE_HIDPI_IMAGES = YES;
				CURRENT_PROJECT_VERSION = 1;
				DEVELOPMENT_TEAM = "";
				ENABLE_HARDENED_RUNTIME = YES;
				ENABLE_PREVIEWS = YES;
				GENERATE_INFOPLIST_FILE = YES;
				INFOPLIST_FILE = PDFHandler/Resources/Info.plist;
				INFOPLIST_KEY_CFBundleDisplayName = "PDF Handler";
				INFOPLIST_KEY_LSApplicationCategoryType = "public.app-category.productivity";
				INFOPLIST_KEY_NSHumanReadableCopyright = "Copyright © 2024. All rights reserved.";
				LD_RUNPATH_SEARCH_PATHS = (
					"$(inherited)",
					"@executable_path/../Frameworks",
				);
				MARKETING_VERSION = 1.0;
				PRODUCT_BUNDLE_IDENTIFIER = com.pdfhandler.app;
				PRODUCT_NAME = "$(TARGET_NAME)";
				SWIFT_EMIT_LOC_STRINGS = YES;
				SWIFT_VERSION = 5.0;
			};
			name = Debug;
		};
		F1000006 /* Release */ = {
			isa = XCBuildConfiguration;
			buildSettings = {
				ASSETCATALOG_COMPILER_APPICON_NAME = AppIcon;
				ASSETCATALOG_COMPILER_GLOBAL_ACCENT_COLOR_NAME = AccentColor;
				CODE_SIGN_ENTITLEMENTS = PDFHandler/Resources/PDFHandler.entitlements;
				CODE_SIGN_STYLE = Automatic;
				COMBINE_HIDPI_IMAGES = YES;
				CURRENT_PROJECT_VERSION = 1;
				DEVELOPMENT_TEAM = "";
				ENABLE_HARDENED_RUNTIME = YES;
				ENABLE_PREVIEWS = YES;
				GENERATE_INFOPLIST_FILE = YES;
				INFOPLIST_FILE = PDFHandler/Resources/Info.plist;
				INFOPLIST_KEY_CFBundleDisplayName = "PDF Handler";
				INFOPLIST_KEY_LSApplicationCategoryType = "public.app-category.productivity";
				INFOPLIST_KEY_NSHumanReadableCopyright = "Copyright © 2024. All rights reserved.";
				LD_RUNPATH_SEARCH_PATHS = (
					"$(inherited)",
					"@executable_path/../Frameworks",
				);
				MARKETING_VERSION = 1.0;
				PRODUCT_BUNDLE_IDENTIFIER = com.pdfhandler.app;
				PRODUCT_NAME = "$(TARGET_NAME)";
				SWIFT_EMIT_LOC_STRINGS = YES;
				SWIFT_VERSION = 5.0;
			};
			name = Release;
		};
/* End XCBuildConfiguration section */

/* Begin XCConfigurationList section */
		089C167DFE841241C02AAC07 /* Build configuration list for PBXProject "PDFHandler" */ = {
			isa = XCConfigurationList;
			buildConfigurations = (
				089C167EFE841241C02AAC07 /* Debug */,
				089C167FFE841241C02AAC07 /* Release */,
			);
			defaultConfigurationIsVisible = 0;
			defaultConfigurationName = Release;
		};
		F1000002 /* Build configuration list for PBXNativeTarget "PDFHandler" */ = {
			isa = XCConfigurationList;
			buildConfigurations = (
				F1000005 /* Debug */,
				F1000006 /* Release */,
			);
			defaultConfigurationIsVisible = 0;
			defaultConfigurationName = Release;
		};
/* End XCConfigurationList section */
	};
	rootObject = 089C1669FE841209C02AAC07 /* Project object */;
}
